// !$*UTF8*$!
{
	archiveVersion = 1;
	classes = {
	};
	objectVersion = 50;
	objects = {

/* Begin PBXBuildFile section */
		8A19E268245869770069B387 /* ModelClasses.swift in Sources */ = {isa = PBXBuildFile; fileRef = 8A19E267245869770069B387 /* ModelClasses.swift */; };
		960821522456E83000E9F306 /* AppDelegate.swift in Sources */ = {isa = PBXBuildFile; fileRef = 960821512456E83000E9F306 /* AppDelegate.swift */; };
		960821542456E83000E9F306 /* SceneDelegate.swift in Sources */ = {isa = PBXBuildFile; fileRef = 960821532456E83000E9F306 /* SceneDelegate.swift */; };
		960821562456E83000E9F306 /* ViewController.swift in Sources */ = {isa = PBXBuildFile; fileRef = 960821552456E83000E9F306 /* ViewController.swift */; };
		960821592456E83000E9F306 /* Main.storyboard in Resources */ = {isa = PBXBuildFile; fileRef = 960821572456E83000E9F306 /* Main.storyboard */; };
		9608215C2456E83000E9F306 /* POCApp.xcdatamodeld in Sources */ = {isa = PBXBuildFile; fileRef = 9608215A2456E83000E9F306 /* POCApp.xcdatamodeld */; };
		9608215E2456E83200E9F306 /* Assets.xcassets in Resources */ = {isa = PBXBuildFile; fileRef = 9608215D2456E83200E9F306 /* Assets.xcassets */; };
		960821612456E83200E9F306 /* LaunchScreen.storyboard in Resources */ = {isa = PBXBuildFile; fileRef = 9608215F2456E83200E9F306 /* LaunchScreen.storyboard */; };
		9608216B2457121C00E9F306 /* RowDetailTableViewCell.swift in Sources */ = {isa = PBXBuildFile; fileRef = 9608216A2457121C00E9F306 /* RowDetailTableViewCell.swift */; };
/* End PBXBuildFile section */

/* Begin PBXFileReference section */
		8A19E267245869770069B387 /* ModelClasses.swift */ = {isa = PBXFileReference; lastKnownFileType = sourcecode.swift; path = ModelClasses.swift; sourceTree = "<group>"; };
		9608214E2456E83000E9F306 /* POCApp.app */ = {isa = PBXFileReference; explicitFileType = wrapper.application; includeInIndex = 0; path = POCApp.app; sourceTree = BUILT_PRODUCTS_DIR; };
		960821512456E83000E9F306 /* AppDelegate.swift */ = {isa = PBXFileReference; lastKnownFileType = sourcecode.swift; path = AppDelegate.swift; sourceTree = "<group>"; };
		960821532456E83000E9F306 /* SceneDelegate.swift */ = {isa = PBXFileReference; lastKnownFileType = sourcecode.swift; path = SceneDelegate.swift; sourceTree = "<group>"; };
		960821552456E83000E9F306 /* ViewController.swift */ = {isa = PBXFileReference; lastKnownFileType = sourcecode.swift; path = ViewController.swift; sourceTree = "<group>"; };
		960821582456E83000E9F306 /* Base */ = {isa = PBXFileReference; lastKnownFileType = file.storyboard; name = Base; path = Base.lproj/Main.storyboard; sourceTree = "<group>"; };
		9608215B2456E83000E9F306 /* POCApp.xcdatamodel */ = {isa = PBXFileReference; lastKnownFileType = wrapper.xcdatamodel; path = POCApp.xcdatamodel; sourceTree = "<group>"; };
		9608215D2456E83200E9F306 /* Assets.xcassets */ = {isa = PBXFileReference; lastKnownFileType = folder.assetcatalog; path = Assets.xcassets; sourceTree = "<group>"; };
		960821602456E83200E9F306 /* Base */ = {isa = PBXFileReference; lastKnownFileType = file.storyboard; name = Base; path = Base.lproj/LaunchScreen.storyboard; sourceTree = "<group>"; };
		960821622456E83200E9F306 /* Info.plist */ = {isa = PBXFileReference; lastKnownFileType = text.plist.xml; path = Info.plist; sourceTree = "<group>"; };
		9608216A2457121C00E9F306 /* RowDetailTableViewCell.swift */ = {isa = PBXFileReference; lastKnownFileType = sourcecode.swift; path = RowDetailTableViewCell.swift; sourceTree = "<group>"; };
/* End PBXFileReference section */

/* Begin PBXFrameworksBuildPhase section */
		9608214B2456E83000E9F306 /* Frameworks */ = {
			isa = PBXFrameworksBuildPhase;
			buildActionMask = 2147483647;
			files = (
			);
			runOnlyForDeploymentPostprocessing = 0;
		};
/* End PBXFrameworksBuildPhase section */

/* Begin PBXGroup section */
		8A19E265245869280069B387 /* AppDelegate */ = {
			isa = PBXGroup;
			children = (
				960821512456E83000E9F306 /* AppDelegate.swift */,
				960821532456E83000E9F306 /* SceneDelegate.swift */,
			);
			path = AppDelegate;
			sourceTree = "<group>";
		};
		8A19E266245869470069B387 /* ViewController */ = {
			isa = PBXGroup;
			children = (
				960821552456E83000E9F306 /* ViewController.swift */,
				9608216A2457121C00E9F306 /* RowDetailTableViewCell.swift */,
			);
			path = ViewController;
			sourceTree = "<group>";
		};
		8A19E269245869A40069B387 /* Model */ = {
			isa = PBXGroup;
			children = (
				8A19E267245869770069B387 /* ModelClasses.swift */,
			);
			path = Model;
			sourceTree = "<group>";
		};
		960821452456E83000E9F306 = {
			isa = PBXGroup;
			children = (
				960821502456E83000E9F306 /* POCApp */,
				9608214F2456E83000E9F306 /* Products */,
			);
			sourceTree = "<group>";
		};
		9608214F2456E83000E9F306 /* Products */ = {
			isa = PBXGroup;
			children = (
				9608214E2456E83000E9F306 /* POCApp.app */,
			);
			name = Products;
			sourceTree = "<group>";
		};
		960821502456E83000E9F306 /* POCApp */ = {
			isa = PBXGroup;
			children = (
				8A19E269245869A40069B387 /* Model */,
				8A19E266245869470069B387 /* ViewController */,
				8A19E265245869280069B387 /* AppDelegate */,
				960821572456E83000E9F306 /* Main.storyboard */,
				9608215D2456E83200E9F306 /* Assets.xcassets */,
				9608215F2456E83200E9F306 /* LaunchScreen.storyboard */,
				960821622456E83200E9F306 /* Info.plist */,
				9608215A2456E83000E9F306 /* POCApp.xcdatamodeld */,
			);
			path = POCApp;
			sourceTree = "<group>";
		};
/* End PBXGroup section */

/* Begin PBXNativeTarget section */
		9608214D2456E83000E9F306 /* POCApp */ = {
			isa = PBXNativeTarget;
			buildConfigurationList = 960821652456E83200E9F306 /* Build configuration list for PBXNativeTarget "POCApp" */;
			buildPhases = (
				9608214A2456E83000E9F306 /* Sources */,
				9608214B2456E83000E9F306 /* Frameworks */,
				9608214C2456E83000E9F306 /* Resources */,
			);
			buildRules = (
			);
			dependencies = (
			);
			name = POCApp;
			productName = POCApp;
			productReference = 9608214E2456E83000E9F306 /* POCApp.app */;
			productType = "com.apple.product-type.application";
		};
/* End PBXNativeTarget section */

/* Begin PBXProject section */
		960821462456E83000E9F306 /* Project object */ = {
			isa = PBXProject;
			attributes = {
				LastSwiftUpdateCheck = 1100;
				LastUpgradeCheck = 1100;
				ORGANIZATIONNAME = "Kavita Patil";
				TargetAttributes = {
					9608214D2456E83000E9F306 = {
						CreatedOnToolsVersion = 11.0;
					};
				};
			};
			buildConfigurationList = 960821492456E83000E9F306 /* Build configuration list for PBXProject "POCApp" */;
			compatibilityVersion = "Xcode 9.3";
			developmentRegion = en;
			hasScannedForEncodings = 0;
			knownRegions = (
				en,
				Base,
			);
			mainGroup = 960821452456E83000E9F306;
			productRefGroup = 9608214F2456E83000E9F306 /* Products */;
			projectDirPath = "";
			projectRoot = "";
			targets = (
				9608214D2456E83000E9F306 /* POCApp */,
			);
		};
/* End PBXProject section */

/* Begin PBXResourcesBuildPhase section */
		9608214C2456E83000E9F306 /* Resources */ = {
			isa = PBXResourcesBuildPhase;
			buildActionMask = 2147483647;
			files = (
				960821612456E83200E9F306 /* LaunchScreen.storyboard in Resources */,
				9608215E2456E83200E9F306 /* Assets.xcassets in Resources */,
				960821592456E83000E9F306 /* Main.storyboard in Resources */,
			);
			runOnlyForDeploymentPostprocessing = 0;
		};
/* End PBXResourcesBuildPhase section */

/* Begin PBXSourcesBuildPhase section */
		9608214A2456E83000E9F306 /* Sources */ = {
			isa = PBXSourcesBuildPhase;
			buildActionMask = 2147483647;
			files = (
				960821562456E83000E9F306 /* ViewController.swift in Sources */,
				9608216B2457121C00E9F306 /* RowDetailTableViewCell.swift in Sources */,
				960821522456E83000E9F306 /* AppDelegate.swift in Sources */,
				9608215C2456E83000E9F306 /* POCApp.xcdatamodeld in Sources */,
				8A19E268245869770069B387 /* ModelClasses.swift in Sources */,
				960821542456E83000E9F306 /* SceneDelegate.swift in Sources */,
			);
			runOnlyForDeploymentPostprocessing = 0;
		};
/* End PBXSourcesBuildPhase section */

/* Begin PBXVariantGroup section */
		960821572456E83000E9F306 /* Main.storyboard */ = {
			isa = PBXVariantGroup;
			children = (
				960821582456E83000E9F306 /* Base */,
			);
			name = Main.storyboard;
			sourceTree = "<group>";
		};
		9608215F2456E83200E9F306 /* LaunchScreen.storyboard */ = {
			isa = PBXVariantGroup;
			children = (
				960821602456E83200E9F306 /* Base */,
			);
			name = LaunchScreen.storyboard;
			sourceTree = "<group>";
		};
/* End PBXVariantGroup section */

/* Begin XCBuildConfiguration section */
		960821632456E83200E9F306 /* Debug */ = {
			isa = XCBuildConfiguration;
			buildSettings = {
				ALWAYS_SEARCH_USER_PATHS = NO;
				CLANG_ANALYZER_NONNULL = YES;
				CLANG_ANALYZER_NUMBER_OBJECT_CONVERSION = YES_AGGRESSIVE;
				CLANG_CXX_LANGUAGE_STANDARD = "gnu++14";
				CLANG_CXX_LIBRARY = "libc++";
				CLANG_ENABLE_MODULES = YES;
				CLANG_ENABLE_OBJC_ARC = YES;
				CLANG_ENABLE_OBJC_WEAK = YES;
				CLANG_WARN_BLOCK_CAPTURE_AUTORELEASING = YES;
				CLANG_WARN_BOOL_CONVERSION = YES;
				CLANG_WARN_COMMA = YES;
				CLANG_WARN_CONSTANT_CONVERSION = YES;
				CLANG_WARN_DEPRECATED_OBJC_IMPLEMENTATIONS = YES;
				CLANG_WARN_DIRECT_OBJC_ISA_USAGE = YES_ERROR;
				CLANG_WARN_DOCUMENTATION_COMMENTS = YES;
				CLANG_WARN_EMPTY_BODY = YES;
				CLANG_WARN_ENUM_CONVERSION = YES;
				CLANG_WARN_INFINITE_RECURSION = YES;
				CLANG_WARN_INT_CONVERSION = YES;
				CLANG_WARN_NON_LITERAL_NULL_CONVERSION = YES;
				CLANG_WARN_OBJC_IMPLICIT_RETAIN_SELF = YES;
				CLANG_WARN_OBJC_LITERAL_CONVERSION = YES;
				CLANG_WARN_OBJC_ROOT_CLASS = YES_ERROR;
				CLANG_WARN_RANGE_LOOP_ANALYSIS = YES;
				CLANG_WARN_STRICT_PROTOTYPES = YES;
				CLANG_WARN_SUSPICIOUS_MOVE = YES;
				CLANG_WARN_UNGUARDED_AVAILABILITY = YES_AGGRESSIVE;
				CLANG_WARN_UNREACHABLE_CODE = YES;
				CLANG_WARN__DUPLICATE_METHOD_MATCH = YES;
				COPY_PHASE_STRIP = NO;
				DEBUG_INFORMATION_FORMAT = dwarf;
				ENABLE_STRICT_OBJC_MSGSEND = YES;
				ENABLE_TESTABILITY = YES;
				GCC_C_LANGUAGE_STANDARD = gnu11;
				GCC_DYNAMIC_NO_PIC = NO;
				GCC_NO_COMMON_BLOCKS = YES;
				GCC_OPTIMIZATION_LEVEL = 0;
				GCC_PREPROCESSOR_DEFINITIONS = (
					"DEBUG=1",
					"$(inherited)",
				);
				GCC_WARN_64_TO_32_BIT_CONVERSION = YES;
				GCC_WARN_ABOUT_RETURN_TYPE = YES_ERROR;
				GCC_WARN_UNDECLARED_SELECTOR = YES;
				GCC_WARN_UNINITIALIZED_AUTOS = YES_AGGRESSIVE;
				GCC_WARN_UNUSED_FUNCTION = YES;
				GCC_WARN_UNUSED_VARIABLE = YES;
				IPHONEOS_DEPLOYMENT_TARGET = 13.0;
				MTL_ENABLE_DEBUG_INFO = INCLUDE_SOURCE;
				MTL_FAST_MATH = YES;
				ONLY_ACTIVE_ARCH = YES;
				SDKROOT = iphoneos;
				SWIFT_ACTIVE_COMPILATION_CONDITIONS = DEBUG;
				SWIFT_OPTIMIZATION_LEVEL = "-Onone";
			};
			name = Debug;
		};
		960821642456E83200E9F306 /* Release */ = {
			isa = XCBuildConfiguration;
			buildSettings = {
				ALWAYS_SEARCH_USER_PATHS = NO;
				CLANG_ANALYZER_NONNULL = YES;
				CLANG_ANALYZER_NUMBER_OBJECT_CONVERSION = YES_AGGRESSIVE;
				CLANG_CXX_LANGUAGE_STANDARD = "gnu++14";
				CLANG_CXX_LIBRARY = "libc++";
				CLANG_ENABLE_MODULES = YES;
				CLANG_ENABLE_OBJC_ARC = YES;
				CLANG_ENABLE_OBJC_WEAK = YES;
				CLANG_WARN_BLOCK_CAPTURE_AUTORELEASING = YES;
				CLANG_WARN_BOOL_CONVERSION = YES;
				CLANG_WARN_COMMA = YES;
				CLANG_WARN_CONSTANT_CONVERSION = YES;
				CLANG_WARN_DEPRECATED_OBJC_IMPLEMENTATIONS = YES;
				CLANG_WARN_DIRECT_OBJC_ISA_USAGE = YES_ERROR;
				CLANG_WARN_DOCUMENTATION_COMMENTS = YES;
				CLANG_WARN_EMPTY_BODY = YES;
				CLANG_WARN_ENUM_CONVERSION = YES;
				CLANG_WARN_INFINITE_RECURSION = YES;
				CLANG_WARN_INT_CONVERSION = YES;
				CLANG_WARN_NON_LITERAL_NULL_CONVERSION = YES;
				CLANG_WARN_OBJC_IMPLICIT_RETAIN_SELF = YES;
				CLANG_WARN_OBJC_LITERAL_CONVERSION = YES;
				CLANG_WARN_OBJC_ROOT_CLASS = YES_ERROR;
				CLANG_WARN_RANGE_LOOP_ANALYSIS = YES;
				CLANG_WARN_STRICT_PROTOTYPES = YES;
				CLANG_WARN_SUSPICIOUS_MOVE = YES;
				CLANG_WARN_UNGUARDED_AVAILABILITY = YES_AGGRESSIVE;
				CLANG_WARN_UNREACHABLE_CODE = YES;
				CLANG_WARN__DUPLICATE_METHOD_MATCH = YES;
				COPY_PHASE_STRIP = NO;
				DEBUG_INFORMATION_FORMAT = "dwarf-with-dsym";
				ENABLE_NS_ASSERTIONS = NO;
				ENABLE_STRICT_OBJC_MSGSEND = YES;
				GCC_C_LANGUAGE_STANDARD = gnu11;
				GCC_NO_COMMON_BLOCKS = YES;
				GCC_WARN_64_TO_32_BIT_CONVERSION = YES;
				GCC_WARN_ABOUT_RETURN_TYPE = YES_ERROR;
				GCC_WARN_UNDECLARED_SELECTOR = YES;
				GCC_WARN_UNINITIALIZED_AUTOS = YES_AGGRESSIVE;
				GCC_WARN_UNUSED_FUNCTION = YES;
				GCC_WARN_UNUSED_VARIABLE = YES;
				IPHONEOS_DEPLOYMENT_TARGET = 13.0;
				MTL_ENABLE_DEBUG_INFO = NO;
				MTL_FAST_MATH = YES;
				SDKROOT = iphoneos;
				SWIFT_COMPILATION_MODE = wholemodule;
				SWIFT_OPTIMIZATION_LEVEL = "-O";
				VALIDATE_PRODUCT = YES;
			};
			name = Release;
		};
		960821662456E83200E9F306 /* Debug */ = {
			isa = XCBuildConfiguration;
			buildSettings = {
				ASSETCATALOG_COMPILER_APPICON_NAME = AppIcon;
				CODE_SIGN_STYLE = Automatic;
				INFOPLIST_FILE = POCApp/Info.plist;
				LD_RUNPATH_SEARCH_PATHS = (
					"$(inherited)",
					"@executable_path/Frameworks",
				);
				PRODUCT_BUNDLE_IDENTIFIER = com.techM.POCApp;
				PRODUCT_NAME = "$(TARGET_NAME)";
				SWIFT_VERSION = 5.0;
				TARGETED_DEVICE_FAMILY = "1,2";
			};
			name = Debug;
		};
		960821672456E83200E9F306 /* Release */ = {
			isa = XCBuildConfiguration;
			buildSettings = {
				ASSETCATALOG_COMPILER_APPICON_NAME = AppIcon;
				CODE_SIGN_STYLE = Automatic;
				INFOPLIST_FILE = POCApp/Info.plist;
				LD_RUNPATH_SEARCH_PATHS = (
					"$(inherited)",
					"@executable_path/Frameworks",
				);
				PRODUCT_BUNDLE_IDENTIFIER = com.techM.POCApp;
				PRODUCT_NAME = "$(TARGET_NAME)";
				SWIFT_VERSION = 5.0;
				TARGETED_DEVICE_FAMILY = "1,2";
			};
			name = Release;
		};
/* End XCBuildConfiguration section */

/* Begin XCConfigurationList section */
		960821492456E83000E9F306 /* Build configuration list for PBXProject "POCApp" */ = {
			isa = XCConfigurationList;
			buildConfigurations = (
				960821632456E83200E9F306 /* Debug */,
				960821642456E83200E9F306 /* Release */,
			);
			defaultConfigurationIsVisible = 0;
			defaultConfigurationName = Release;
		};
		960821652456E83200E9F306 /* Build configuration list for PBXNativeTarget "POCApp" */ = {
			isa = XCConfigurationList;
			buildConfigurations = (
				960821662456E83200E9F306 /* Debug */,
				960821672456E83200E9F306 /* Release */,
			);
			defaultConfigurationIsVisible = 0;
			defaultConfigurationName = Release;
		};
/* End XCConfigurationList section */

/* Begin XCVersionGroup section */
		9608215A2456E83000E9F306 /* POCApp.xcdatamodeld */ = {
			isa = XCVersionGroup;
			children = (
				9608215B2456E83000E9F306 /* POCApp.xcdatamodel */,
			);
			currentVersion = 9608215B2456E83000E9F306 /* POCApp.xcdatamodel */;
			path = POCApp.xcdatamodeld;
			sourceTree = "<group>";
			versionGroupType = wrapper.xcdatamodel;
		};
/* End XCVersionGroup section */
	};
	rootObject = 960821462456E83000E9F306 /* Project object */;
}
